
Microsoft Visual Studio Solution File, Format Version 12.00
# Visual Studio Version 16
VisualStudioVersion = 16.0.30621.155
MinimumVisualStudioVersion = 10.0.40219.1
Project("{9A19103F-16F7-4668-BE54-9A1E7A4F7556}") = "PublicAutomation", "PublicAutomation\PublicAutomation.csproj", "{935664AB-C611-4A02-8F46-77E1F9941CA3}"
EndProject
Global
	GlobalSection(SolutionConfigurationPlatforms) = preSolution
		Debug|Any CPU = Debug|Any CPU
		Release|Any CPU = Release|Any CPU
	EndGlobalSection
	GlobalSection(ProjectConfigurationPlatforms) = postSolution
		{08E94F35-E187-4BDE-930D-B64F2C272B2D}.Debug|Any CPU.ActiveCfg = Debug|Any CPU
		{08E94F35-E187-4BDE-930D-B64F2C272B2D}.Debug|Any CPU.Build.0 = Debug|Any CPU
		{08E94F35-E187-4BDE-930D-B64F2C272B2D}.Release|Any CPU.ActiveCfg = Release|Any CPU
		{08E94F35-E187-4BDE-930D-B64F2C272B2D}.Release|Any CPU.Build.0 = Release|Any CPU
		{935664AB-C611-4A02-8F46-77E1F9941CA3}.Debug|Any CPU.ActiveCfg = Debug|Any CPU
		{935664AB-C611-4A02-8F46-77E1F9941CA3}.Debug|Any CPU.Build.0 = Debug|Any CPU
		{935664AB-C611-4A02-8F46-77E1F9941CA3}.Release|Any CPU.ActiveCfg = Release|Any CPU
		{935664AB-C611-4A02-8F46-77E1F9941CA3}.Release|Any CPU.Build.0 = Release|Any CPU
	EndGlobalSection
	GlobalSection(SolutionProperties) = preSolution
		HideSolutionNode = FALSE
	EndGlobalSection
	GlobalSection(ExtensibilityGlobals) = postSolution
		SolutionGuid = {DB0F91FD-0386-4D13-9361-D3D29D443C02}
	EndGlobalSection
EndGlobal
